
Microsoft Visual Studio Solution File, Format Version 12.00
# Visual Studio Version 16
VisualStudioVersion = 16.0.29519.181
MinimumVisualStudioVersion = 10.0.40219.1
Project("{FAE04EC0-301F-11D3-BF4B-00C04F79EFBC}") = "H1_Projektuge_Opgave_SPIL", "H1_Projektuge_Opgave_SPIL\H1_Projektuge_Opgave_SPIL.csproj", "{D65866E2-5ECA-44E4-B27C-2647018CED09}"
EndProject
Global
	GlobalSection(SolutionConfigurationPlatforms) = preSolution
		Debug|Any CPU = Debug|Any CPU
		Release|Any CPU = Release|Any CPU
	EndGlobalSection
	GlobalSection(ProjectConfigurationPlatforms) = postSolution
		{D65866E2-5ECA-44E4-B27C-2647018CED09}.Debug|Any CPU.ActiveCfg = Debug|Any CPU
		{D65866E2-5ECA-44E4-B27C-2647018CED09}.Debug|Any CPU.Build.0 = Debug|Any CPU
		{D65866E2-5ECA-44E4-B27C-2647018CED09}.Release|Any CPU.ActiveCfg = Release|Any CPU
		{D65866E2-5ECA-44E4-B27C-2647018CED09}.Release|Any CPU.Build.0 = Release|Any CPU
	EndGlobalSection
	GlobalSection(SolutionProperties) = preSolution
		HideSolutionNode = FALSE
	EndGlobalSection
	GlobalSection(ExtensibilityGlobals) = postSolution
		SolutionGuid = {8DE59A58-6C77-4453-B10D-98BF75C87AF5}
	EndGlobalSection
EndGlobal
